// !$*UTF8*$!
{
	archiveVersion = 1;
	classes = {
	};
	objectVersion = 48;
	objects = {

/* Begin PBXBuildFile section */
		B9157AD81F8FB18B008CEB59 /* AppDelegate.swift in Sources */ = {isa = PBXBuildFile; fileRef = B9157AD71F8FB18B008CEB59 /* AppDelegate.swift */; };
		B9157ADA1F8FB18B008CEB59 /* ViewController.swift in Sources */ = {isa = PBXBuildFile; fileRef = B9157AD91F8FB18B008CEB59 /* ViewController.swift */; };
		B9157ADD1F8FB18B008CEB59 /* Main.storyboard in Resources */ = {isa = PBXBuildFile; fileRef = B9157ADB1F8FB18B008CEB59 /* Main.storyboard */; };
		B9157ADF1F8FB18B008CEB59 /* Assets.xcassets in Resources */ = {isa = PBXBuildFile; fileRef = B9157ADE1F8FB18B008CEB59 /* Assets.xcassets */; };
		B9157AE21F8FB18B008CEB59 /* LaunchScreen.storyboard in Resources */ = {isa = PBXBuildFile; fileRef = B9157AE01F8FB18B008CEB59 /* LaunchScreen.storyboard */; };
		B9157AED1F8FB18B008CEB59 /* viksitIOSAppTests.swift in Sources */ = {isa = PBXBuildFile; fileRef = B9157AEC1F8FB18B008CEB59 /* viksitIOSAppTests.swift */; };
		B9157AF81F8FB18B008CEB59 /* viksitIOSAppUITests.swift in Sources */ = {isa = PBXBuildFile; fileRef = B9157AF71F8FB18B008CEB59 /* viksitIOSAppUITests.swift */; };
/* End PBXBuildFile section */

/* Begin PBXContainerItemProxy section */
		B9157AE91F8FB18B008CEB59 /* PBXContainerItemProxy */ = {
			isa = PBXContainerItemProxy;
			containerPortal = B9157ACC1F8FB18B008CEB59 /* Project object */;
			proxyType = 1;
			remoteGlobalIDString = B9157AD31F8FB18B008CEB59;
			remoteInfo = viksitIOSApp;
		};
		B9157AF41F8FB18B008CEB59 /* PBXContainerItemProxy */ = {
			isa = PBXContainerItemProxy;
			containerPortal = B9157ACC1F8FB18B008CEB59 /* Project object */;
			proxyType = 1;
			remoteGlobalIDString = B9157AD31F8FB18B008CEB59;
			remoteInfo = viksitIOSApp;
		};
/* End PBXContainerItemProxy section */

/* Begin PBXFileReference section */
		B9157AD41F8FB18B008CEB59 /* viksitIOSApp.app */ = {isa = PBXFileReference; explicitFileType = wrapper.application; includeInIndex = 0; path = viksitIOSApp.app; sourceTree = BUILT_PRODUCTS_DIR; };
		B9157AD71F8FB18B008CEB59 /* AppDelegate.swift */ = {isa = PBXFileReference; lastKnownFileType = sourcecode.swift; path = AppDelegate.swift; sourceTree = "<group>"; };
		B9157AD91F8FB18B008CEB59 /* ViewController.swift */ = {isa = PBXFileReference; lastKnownFileType = sourcecode.swift; path = ViewController.swift; sourceTree = "<group>"; };
		B9157ADC1F8FB18B008CEB59 /* Base */ = {isa = PBXFileReference; lastKnownFileType = file.storyboard; name = Base; path = Base.lproj/Main.storyboard; sourceTree = "<group>"; };
		B9157ADE1F8FB18B008CEB59 /* Assets.xcassets */ = {isa = PBXFileReference; lastKnownFileType = folder.assetcatalog; path = Assets.xcassets; sourceTree = "<group>"; };
		B9157AE11F8FB18B008CEB59 /* Base */ = {isa = PBXFileReference; lastKnownFileType = file.storyboard; name = Base; path = Base.lproj/LaunchScreen.storyboard; sourceTree = "<group>"; };
		B9157AE31F8FB18B008CEB59 /* Info.plist */ = {isa = PBXFileReference; lastKnownFileType = text.plist.xml; path = Info.plist; sourceTree = "<group>"; };
		B9157AE81F8FB18B008CEB59 /* viksitIOSAppTests.xctest */ = {isa = PBXFileReference; explicitFileType = wrapper.cfbundle; includeInIndex = 0; path = viksitIOSAppTests.xctest; sourceTree = BUILT_PRODUCTS_DIR; };
		B9157AEC1F8FB18B008CEB59 /* viksitIOSAppTests.swift */ = {isa = PBXFileReference; lastKnownFileType = sourcecode.swift; path = viksitIOSAppTests.swift; sourceTree = "<group>"; };
		B9157AEE1F8FB18B008CEB59 /* Info.plist */ = {isa = PBXFileReference; lastKnownFileType = text.plist.xml; path = Info.plist; sourceTree = "<group>"; };
		B9157AF31F8FB18B008CEB59 /* viksitIOSAppUITests.xctest */ = {isa = PBXFileReference; explicitFileType = wrapper.cfbundle; includeInIndex = 0; path = viksitIOSAppUITests.xctest; sourceTree = BUILT_PRODUCTS_DIR; };
		B9157AF71F8FB18B008CEB59 /* viksitIOSAppUITests.swift */ = {isa = PBXFileReference; lastKnownFileType = sourcecode.swift; path = viksitIOSAppUITests.swift; sourceTree = "<group>"; };
		B9157AF91F8FB18B008CEB59 /* Info.plist */ = {isa = PBXFileReference; lastKnownFileType = text.plist.xml; path = Info.plist; sourceTree = "<group>"; };
/* End PBXFileReference section */

/* Begin PBXFrameworksBuildPhase section */
		B9157AD11F8FB18B008CEB59 /* Frameworks */ = {
			isa = PBXFrameworksBuildPhase;
			buildActionMask = 2147483647;
			files = (
			);
			runOnlyForDeploymentPostprocessing = 0;
		};
		B9157AE51F8FB18B008CEB59 /* Frameworks */ = {
			isa = PBXFrameworksBuildPhase;
			buildActionMask = 2147483647;
			files = (
			);
			runOnlyForDeploymentPostprocessing = 0;
		};
		B9157AF01F8FB18B008CEB59 /* Frameworks */ = {
			isa = PBXFrameworksBuildPhase;
			buildActionMask = 2147483647;
			files = (
			);
			runOnlyForDeploymentPostprocessing = 0;
		};
/* End PBXFrameworksBuildPhase section */

/* Begin PBXGroup section */
		B9157ACB1F8FB18B008CEB59 = {
			isa = PBXGroup;
			children = (
				B9157AD61F8FB18B008CEB59 /* viksitIOSApp */,
				B9157AEB1F8FB18B008CEB59 /* viksitIOSAppTests */,
				B9157AF61F8FB18B008CEB59 /* viksitIOSAppUITests */,
				B9157AD51F8FB18B008CEB59 /* Products */,
			);
			sourceTree = "<group>";
		};
		B9157AD51F8FB18B008CEB59 /* Products */ = {
			isa = PBXGroup;
			children = (
				B9157AD41F8FB18B008CEB59 /* viksitIOSApp.app */,
				B9157AE81F8FB18B008CEB59 /* viksitIOSAppTests.xctest */,
				B9157AF31F8FB18B008CEB59 /* viksitIOSAppUITests.xctest */,
			);
			name = Products;
			sourceTree = "<group>";
		};
		B9157AD61F8FB18B008CEB59 /* viksitIOSApp */ = {
			isa = PBXGroup;
			children = (
				B9157AD71F8FB18B008CEB59 /* AppDelegate.swift */,
				B9157AD91F8FB18B008CEB59 /* ViewController.swift */,
				B9157ADB1F8FB18B008CEB59 /* Main.storyboard */,
				B9157ADE1F8FB18B008CEB59 /* Assets.xcassets */,
				B9157AE01F8FB18B008CEB59 /* LaunchScreen.storyboard */,
				B9157AE31F8FB18B008CEB59 /* Info.plist */,
			);
			path = viksitIOSApp;
			sourceTree = "<group>";
		};
		B9157AEB1F8FB18B008CEB59 /* viksitIOSAppTests */ = {
			isa = PBXGroup;
			children = (
				B9157AEC1F8FB18B008CEB59 /* viksitIOSAppTests.swift */,
				B9157AEE1F8FB18B008CEB59 /* Info.plist */,
			);
			path = viksitIOSAppTests;
			sourceTree = "<group>";
		};
		B9157AF61F8FB18B008CEB59 /* viksitIOSAppUITests */ = {
			isa = PBXGroup;
			children = (
				B9157AF71F8FB18B008CEB59 /* viksitIOSAppUITests.swift */,
				B9157AF91F8FB18B008CEB59 /* Info.plist */,
			);
			path = viksitIOSAppUITests;
			sourceTree = "<group>";
		};
/* End PBXGroup section */

/* Begin PBXNativeTarget section */
		B9157AD31F8FB18B008CEB59 /* viksitIOSApp */ = {
			isa = PBXNativeTarget;
			buildConfigurationList = B9157AFC1F8FB18B008CEB59 /* Build configuration list for PBXNativeTarget "viksitIOSApp" */;
			buildPhases = (
				B9157AD01F8FB18B008CEB59 /* Sources */,
				B9157AD11F8FB18B008CEB59 /* Frameworks */,
				B9157AD21F8FB18B008CEB59 /* Resources */,
			);
			buildRules = (
			);
			dependencies = (
			);
			name = viksitIOSApp;
			productName = viksitIOSApp;
			productReference = B9157AD41F8FB18B008CEB59 /* viksitIOSApp.app */;
			productType = "com.apple.product-type.application";
		};
		B9157AE71F8FB18B008CEB59 /* viksitIOSAppTests */ = {
			isa = PBXNativeTarget;
			buildConfigurationList = B9157AFF1F8FB18B008CEB59 /* Build configuration list for PBXNativeTarget "viksitIOSAppTests" */;
			buildPhases = (
				B9157AE41F8FB18B008CEB59 /* Sources */,
				B9157AE51F8FB18B008CEB59 /* Frameworks */,
				B9157AE61F8FB18B008CEB59 /* Resources */,
			);
			buildRules = (
			);
			dependencies = (
				B9157AEA1F8FB18B008CEB59 /* PBXTargetDependency */,
			);
			name = viksitIOSAppTests;
			productName = viksitIOSAppTests;
			productReference = B9157AE81F8FB18B008CEB59 /* viksitIOSAppTests.xctest */;
			productType = "com.apple.product-type.bundle.unit-test";
		};
		B9157AF21F8FB18B008CEB59 /* viksitIOSAppUITests */ = {
			isa = PBXNativeTarget;
			buildConfigurationList = B9157B021F8FB18B008CEB59 /* Build configuration list for PBXNativeTarget "viksitIOSAppUITests" */;
			buildPhases = (
				B9157AEF1F8FB18B008CEB59 /* Sources */,
				B9157AF01F8FB18B008CEB59 /* Frameworks */,
				B9157AF11F8FB18B008CEB59 /* Resources */,
			);
			buildRules = (
			);
			dependencies = (
				B9157AF51F8FB18B008CEB59 /* PBXTargetDependency */,
			);
			name = viksitIOSAppUITests;
			productName = viksitIOSAppUITests;
			productReference = B9157AF31F8FB18B008CEB59 /* viksitIOSAppUITests.xctest */;
			productType = "com.apple.product-type.bundle.ui-testing";
		};
/* End PBXNativeTarget section */

/* Begin PBXProject section */
		B9157ACC1F8FB18B008CEB59 /* Project object */ = {
			isa = PBXProject;
			attributes = {
				LastSwiftUpdateCheck = 0900;
				LastUpgradeCheck = 0900;
				ORGANIZATIONNAME = "Istar Feroz";
				TargetAttributes = {
					B9157AD31F8FB18B008CEB59 = {
						CreatedOnToolsVersion = 9.0;
						ProvisioningStyle = Automatic;
					};
					B9157AE71F8FB18B008CEB59 = {
						CreatedOnToolsVersion = 9.0;
						ProvisioningStyle = Automatic;
						TestTargetID = B9157AD31F8FB18B008CEB59;
					};
					B9157AF21F8FB18B008CEB59 = {
						CreatedOnToolsVersion = 9.0;
						ProvisioningStyle = Automatic;
						TestTargetID = B9157AD31F8FB18B008CEB59;
					};
				};
			};
			buildConfigurationList = B9157ACF1F8FB18B008CEB59 /* Build configuration list for PBXProject "viksitIOSApp" */;
			compatibilityVersion = "Xcode 8.0";
			developmentRegion = en;
			hasScannedForEncodings = 0;
			knownRegions = (
				en,
				Base,
			);
			mainGroup = B9157ACB1F8FB18B008CEB59;
			productRefGroup = B9157AD51F8FB18B008CEB59 /* Products */;
			projectDirPath = "";
			projectRoot = "";
			targets = (
				B9157AD31F8FB18B008CEB59 /* viksitIOSApp */,
				B9157AE71F8FB18B008CEB59 /* viksitIOSAppTests */,
				B9157AF21F8FB18B008CEB59 /* viksitIOSAppUITests */,
			);
		};
/* End PBXProject section */

/* Begin PBXResourcesBuildPhase section */
		B9157AD21F8FB18B008CEB59 /* Resources */ = {
			isa = PBXResourcesBuildPhase;
			buildActionMask = 2147483647;
			files = (
				B9157AE21F8FB18B008CEB59 /* LaunchScreen.storyboard in Resources */,
				B9157ADF1F8FB18B008CEB59 /* Assets.xcassets in Resources */,
				B9157ADD1F8FB18B008CEB59 /* Main.storyboard in Resources */,
			);
			runOnlyForDeploymentPostprocessing = 0;
		};
		B9157AE61F8FB18B008CEB59 /* Resources */ = {
			isa = PBXResourcesBuildPhase;
			buildActionMask = 2147483647;
			files = (
			);
			runOnlyForDeploymentPostprocessing = 0;
		};
		B9157AF11F8FB18B008CEB59 /* Resources */ = {
			isa = PBXResourcesBuildPhase;
			buildActionMask = 2147483647;
			files = (
			);
			runOnlyForDeploymentPostprocessing = 0;
		};
/* End PBXResourcesBuildPhase section */

/* Begin PBXSourcesBuildPhase section */
		B9157AD01F8FB18B008CEB59 /* Sources */ = {
			isa = PBXSourcesBuildPhase;
			buildActionMask = 2147483647;
			files = (
				B9157ADA1F8FB18B008CEB59 /* ViewController.swift in Sources */,
				B9157AD81F8FB18B008CEB59 /* AppDelegate.swift in Sources */,
			);
			runOnlyForDeploymentPostprocessing = 0;
		};
		B9157AE41F8FB18B008CEB59 /* Sources */ = {
			isa = PBXSourcesBuildPhase;
			buildActionMask = 2147483647;
			files = (
				B9157AED1F8FB18B008CEB59 /* viksitIOSAppTests.swift in Sources */,
			);
			runOnlyForDeploymentPostprocessing = 0;
		};
		B9157AEF1F8FB18B008CEB59 /* Sources */ = {
			isa = PBXSourcesBuildPhase;
			buildActionMask = 2147483647;
			files = (
				B9157AF81F8FB18B008CEB59 /* viksitIOSAppUITests.swift in Sources */,
			);
			runOnlyForDeploymentPostprocessing = 0;
		};
/* End PBXSourcesBuildPhase section */

/* Begin PBXTargetDependency section */
		B9157AEA1F8FB18B008CEB59 /* PBXTargetDependency */ = {
			isa = PBXTargetDependency;
			target = B9157AD31F8FB18B008CEB59 /* viksitIOSApp */;
			targetProxy = B9157AE91F8FB18B008CEB59 /* PBXContainerItemProxy */;
		};
		B9157AF51F8FB18B008CEB59 /* PBXTargetDependency */ = {
			isa = PBXTargetDependency;
			target = B9157AD31F8FB18B008CEB59 /* viksitIOSApp */;
			targetProxy = B9157AF41F8FB18B008CEB59 /* PBXContainerItemProxy */;
		};
/* End PBXTargetDependency section */

/* Begin PBXVariantGroup section */
		B9157ADB1F8FB18B008CEB59 /* Main.storyboard */ = {
			isa = PBXVariantGroup;
			children = (
				B9157ADC1F8FB18B008CEB59 /* Base */,
			);
			name = Main.storyboard;
			sourceTree = "<group>";
		};
		B9157AE01F8FB18B008CEB59 /* LaunchScreen.storyboard */ = {
			isa = PBXVariantGroup;
			children = (
				B9157AE11F8FB18B008CEB59 /* Base */,
			);
			name = LaunchScreen.storyboard;
			sourceTree = "<group>";
		};
/* End PBXVariantGroup section */

/* Begin XCBuildConfiguration section */
		B9157AFA1F8FB18B008CEB59 /* Debug */ = {
			isa = XCBuildConfiguration;
			buildSettings = {
				ALWAYS_SEARCH_USER_PATHS = NO;
				CLANG_ANALYZER_NONNULL = YES;
				CLANG_ANALYZER_NUMBER_OBJECT_CONVERSION = YES_AGGRESSIVE;
				CLANG_CXX_LANGUAGE_STANDARD = "gnu++14";
				CLANG_CXX_LIBRARY = "libc++";
				CLANG_ENABLE_MODULES = YES;
				CLANG_ENABLE_OBJC_ARC = YES;
				CLANG_WARN_BLOCK_CAPTURE_AUTORELEASING = YES;
				CLANG_WARN_BOOL_CONVERSION = YES;
				CLANG_WARN_COMMA = YES;
				CLANG_WARN_CONSTANT_CONVERSION = YES;
				CLANG_WARN_DIRECT_OBJC_ISA_USAGE = YES_ERROR;
				CLANG_WARN_DOCUMENTATION_COMMENTS = YES;
				CLANG_WARN_EMPTY_BODY = YES;
				CLANG_WARN_ENUM_CONVERSION = YES;
				CLANG_WARN_INFINITE_RECURSION = YES;
				CLANG_WARN_INT_CONVERSION = YES;
				CLANG_WARN_NON_LITERAL_NULL_CONVERSION = YES;
				CLANG_WARN_OBJC_LITERAL_CONVERSION = YES;
				CLANG_WARN_OBJC_ROOT_CLASS = YES_ERROR;
				CLANG_WARN_RANGE_LOOP_ANALYSIS = YES;
				CLANG_WARN_STRICT_PROTOTYPES = YES;
				CLANG_WARN_SUSPICIOUS_MOVE = YES;
				CLANG_WARN_UNGUARDED_AVAILABILITY = YES_AGGRESSIVE;
				CLANG_WARN_UNREACHABLE_CODE = YES;
				CLANG_WARN__DUPLICATE_METHOD_MATCH = YES;
				CODE_SIGN_IDENTITY = "iPhone Developer";
				COPY_PHASE_STRIP = NO;
				DEBUG_INFORMATION_FORMAT = dwarf;
				ENABLE_STRICT_OBJC_MSGSEND = YES;
				ENABLE_TESTABILITY = YES;
				GCC_C_LANGUAGE_STANDARD = gnu11;
				GCC_DYNAMIC_NO_PIC = NO;
				GCC_NO_COMMON_BLOCKS = YES;
				GCC_OPTIMIZATION_LEVEL = 0;
				GCC_PREPROCESSOR_DEFINITIONS = (
					"DEBUG=1",
					"$(inherited)",
				);
				GCC_WARN_64_TO_32_BIT_CONVERSION = YES;
				GCC_WARN_ABOUT_RETURN_TYPE = YES_ERROR;
				GCC_WARN_UNDECLARED_SELECTOR = YES;
				GCC_WARN_UNINITIALIZED_AUTOS = YES_AGGRESSIVE;
				GCC_WARN_UNUSED_FUNCTION = YES;
				GCC_WARN_UNUSED_VARIABLE = YES;
				IPHONEOS_DEPLOYMENT_TARGET = 11.0;
				MTL_ENABLE_DEBUG_INFO = YES;
				ONLY_ACTIVE_ARCH = YES;
				SDKROOT = iphoneos;
				SWIFT_ACTIVE_COMPILATION_CONDITIONS = DEBUG;
				SWIFT_OPTIMIZATION_LEVEL = "-Onone";
			};
			name = Debug;
		};
		B9157AFB1F8FB18B008CEB59 /* Release */ = {
			isa = XCBuildConfiguration;
			buildSettings = {
				ALWAYS_SEARCH_USER_PATHS = NO;
				CLANG_ANALYZER_NONNULL = YES;
				CLANG_ANALYZER_NUMBER_OBJECT_CONVERSION = YES_AGGRESSIVE;
				CLANG_CXX_LANGUAGE_STANDARD = "gnu++14";
				CLANG_CXX_LIBRARY = "libc++";
				CLANG_ENABLE_MODULES = YES;
				CLANG_ENABLE_OBJC_ARC = YES;
				CLANG_WARN_BLOCK_CAPTURE_AUTORELEASING = YES;
				CLANG_WARN_BOOL_CONVERSION = YES;
				CLANG_WARN_COMMA = YES;
				CLANG_WARN_CONSTANT_CONVERSION = YES;
				CLANG_WARN_DIRECT_OBJC_ISA_USAGE = YES_ERROR;
				CLANG_WARN_DOCUMENTATION_COMMENTS = YES;
				CLANG_WARN_EMPTY_BODY = YES;
				CLANG_WARN_ENUM_CONVERSION = YES;
				CLANG_WARN_INFINITE_RECURSION = YES;
				CLANG_WARN_INT_CONVERSION = YES;
				CLANG_WARN_NON_LITERAL_NULL_CONVERSION = YES;
				CLANG_WARN_OBJC_LITERAL_CONVERSION = YES;
				CLANG_WARN_OBJC_ROOT_CLASS = YES_ERROR;
				CLANG_WARN_RANGE_LOOP_ANALYSIS = YES;
				CLANG_WARN_STRICT_PROTOTYPES = YES;
				CLANG_WARN_SUSPICIOUS_MOVE = YES;
				CLANG_WARN_UNGUARDED_AVAILABILITY = YES_AGGRESSIVE;
				CLANG_WARN_UNREACHABLE_CODE = YES;
				CLANG_WARN__DUPLICATE_METHOD_MATCH = YES;
				CODE_SIGN_IDENTITY = "iPhone Developer";
				COPY_PHASE_STRIP = NO;
				DEBUG_INFORMATION_FORMAT = "dwarf-with-dsym";
				ENABLE_NS_ASSERTIONS = NO;
				ENABLE_STRICT_OBJC_MSGSEND = YES;
				GCC_C_LANGUAGE_STANDARD = gnu11;
				GCC_NO_COMMON_BLOCKS = YES;
				GCC_WARN_64_TO_32_BIT_CONVERSION = YES;
				GCC_WARN_ABOUT_RETURN_TYPE = YES_ERROR;
				GCC_WARN_UNDECLARED_SELECTOR = YES;
				GCC_WARN_UNINITIALIZED_AUTOS = YES_AGGRESSIVE;
				GCC_WARN_UNUSED_FUNCTION = YES;
				GCC_WARN_UNUSED_VARIABLE = YES;
				IPHONEOS_DEPLOYMENT_TARGET = 11.0;
				MTL_ENABLE_DEBUG_INFO = NO;
				SDKROOT = iphoneos;
				SWIFT_OPTIMIZATION_LEVEL = "-Owholemodule";
				VALIDATE_PRODUCT = YES;
			};
			name = Release;
		};
		B9157AFD1F8FB18B008CEB59 /* Debug */ = {
			isa = XCBuildConfiguration;
			buildSettings = {
				ASSETCATALOG_COMPILER_APPICON_NAME = AppIcon;
				CODE_SIGN_STYLE = Automatic;
				DEVELOPMENT_TEAM = LQEX6X2Z5Q;
				INFOPLIST_FILE = viksitIOSApp/Info.plist;
				LD_RUNPATH_SEARCH_PATHS = "$(inherited) @executable_path/Frameworks";
				PRODUCT_BUNDLE_IDENTIFIER = com.istarindia.viksitIOSApp;
				PRODUCT_NAME = "$(TARGET_NAME)";
				SWIFT_VERSION = 4.0;
				TARGETED_DEVICE_FAMILY = "1,2";
			};
			name = Debug;
		};
		B9157AFE1F8FB18B008CEB59 /* Release */ = {
			isa = XCBuildConfiguration;
			buildSettings = {
				ASSETCATALOG_COMPILER_APPICON_NAME = AppIcon;
				CODE_SIGN_STYLE = Automatic;
				DEVELOPMENT_TEAM = LQEX6X2Z5Q;
				INFOPLIST_FILE = viksitIOSApp/Info.plist;
				LD_RUNPATH_SEARCH_PATHS = "$(inherited) @executable_path/Frameworks";
				PRODUCT_BUNDLE_IDENTIFIER = com.istarindia.viksitIOSApp;
				PRODUCT_NAME = "$(TARGET_NAME)";
				SWIFT_VERSION = 4.0;
				TARGETED_DEVICE_FAMILY = "1,2";
			};
			name = Release;
		};
		B9157B001F8FB18B008CEB59 /* Debug */ = {
			isa = XCBuildConfiguration;
			buildSettings = {
				ALWAYS_EMBED_SWIFT_STANDARD_LIBRARIES = YES;
				BUNDLE_LOADER = "$(TEST_HOST)";
				CODE_SIGN_STYLE = Automatic;
				INFOPLIST_FILE = viksitIOSAppTests/Info.plist;
				LD_RUNPATH_SEARCH_PATHS = "$(inherited) @executable_path/Frameworks @loader_path/Frameworks";
				PRODUCT_BUNDLE_IDENTIFIER = com.istarindia.viksitIOSAppTests;
				PRODUCT_NAME = "$(TARGET_NAME)";
				SWIFT_VERSION = 4.0;
				TARGETED_DEVICE_FAMILY = "1,2";
				TEST_HOST = "$(BUILT_PRODUCTS_DIR)/viksitIOSApp.app/viksitIOSApp";
			};
			name = Debug;
		};
		B9157B011F8FB18B008CEB59 /* Release */ = {
			isa = XCBuildConfiguration;
			buildSettings = {
				ALWAYS_EMBED_SWIFT_STANDARD_LIBRARIES = YES;
				BUNDLE_LOADER = "$(TEST_HOST)";
				CODE_SIGN_STYLE = Automatic;
				INFOPLIST_FILE = viksitIOSAppTests/Info.plist;
				LD_RUNPATH_SEARCH_PATHS = "$(inherited) @executable_path/Frameworks @loader_path/Frameworks";
				PRODUCT_BUNDLE_IDENTIFIER = com.istarindia.viksitIOSAppTests;
				PRODUCT_NAME = "$(TARGET_NAME)";
				SWIFT_VERSION = 4.0;
				TARGETED_DEVICE_FAMILY = "1,2";
				TEST_HOST = "$(BUILT_PRODUCTS_DIR)/viksitIOSApp.app/viksitIOSApp";
			};
			name = Release;
		};
		B9157B031F8FB18B008CEB59 /* Debug */ = {
			isa = XCBuildConfiguration;
			buildSettings = {
				ALWAYS_EMBED_SWIFT_STANDARD_LIBRARIES = YES;
				CODE_SIGN_STYLE = Automatic;
				INFOPLIST_FILE = viksitIOSAppUITests/Info.plist;
				LD_RUNPATH_SEARCH_PATHS = "$(inherited) @executable_path/Frameworks @loader_path/Frameworks";
				PRODUCT_BUNDLE_IDENTIFIER = com.istarindia.viksitIOSAppUITests;
				PRODUCT_NAME = "$(TARGET_NAME)";
				SWIFT_VERSION = 4.0;
				TARGETED_DEVICE_FAMILY = "1,2";
				TEST_TARGET_NAME = viksitIOSApp;
			};
			name = Debug;
		};
		B9157B041F8FB18B008CEB59 /* Release */ = {
			isa = XCBuildConfiguration;
			buildSettings = {
				ALWAYS_EMBED_SWIFT_STANDARD_LIBRARIES = YES;
				CODE_SIGN_STYLE = Automatic;
				INFOPLIST_FILE = viksitIOSAppUITests/Info.plist;
				LD_RUNPATH_SEARCH_PATHS = "$(inherited) @executable_path/Frameworks @loader_path/Frameworks";
				PRODUCT_BUNDLE_IDENTIFIER = com.istarindia.viksitIOSAppUITests;
				PRODUCT_NAME = "$(TARGET_NAME)";
				SWIFT_VERSION = 4.0;
				TARGETED_DEVICE_FAMILY = "1,2";
				TEST_TARGET_NAME = viksitIOSApp;
			};
			name = Release;
		};
/* End XCBuildConfiguration section */

/* Begin XCConfigurationList section */
		B9157ACF1F8FB18B008CEB59 /* Build configuration list for PBXProject "viksitIOSApp" */ = {
			isa = XCConfigurationList;
			buildConfigurations = (
				B9157AFA1F8FB18B008CEB59 /* Debug */,
				B9157AFB1F8FB18B008CEB59 /* Release */,
			);
			defaultConfigurationIsVisible = 0;
			defaultConfigurationName = Release;
		};
		B9157AFC1F8FB18B008CEB59 /* Build configuration list for PBXNativeTarget "viksitIOSApp" */ = {
			isa = XCConfigurationList;
			buildConfigurations = (
				B9157AFD1F8FB18B008CEB59 /* Debug */,
				B9157AFE1F8FB18B008CEB59 /* Release */,
			);
			defaultConfigurationIsVisible = 0;
			defaultConfigurationName = Release;
		};
		B9157AFF1F8FB18B008CEB59 /* Build configuration list for PBXNativeTarget "viksitIOSAppTests" */ = {
			isa = XCConfigurationList;
			buildConfigurations = (
				B9157B001F8FB18B008CEB59 /* Debug */,
				B9157B011F8FB18B008CEB59 /* Release */,
			);
			defaultConfigurationIsVisible = 0;
			defaultConfigurationName = Release;
		};
		B9157B021F8FB18B008CEB59 /* Build configuration list for PBXNativeTarget "viksitIOSAppUITests" */ = {
			isa = XCConfigurationList;
			buildConfigurations = (
				B9157B031F8FB18B008CEB59 /* Debug */,
				B9157B041F8FB18B008CEB59 /* Release */,
			);
			defaultConfigurationIsVisible = 0;
			defaultConfigurationName = Release;
		};
/* End XCConfigurationList section */
	};
	rootObject = B9157ACC1F8FB18B008CEB59 /* Project object */;
}
